
Microsoft Visual Studio Solution File, Format Version 12.00
# Visual Studio Version 17
VisualStudioVersion = 17.4.33122.133
MinimumVisualStudioVersion = 10.0.40219.1
Project("{9A19103F-16F7-4668-BE54-9A1E7A4F7556}") = "project0", "project0\project0.csproj", "{2DB5001A-8EB8-4BD4-BD5B-922792C586C3}"
EndProject
Project("{2150E333-8FDC-42A3-9474-1A3956D46DE8}") = "Solution Items", "Solution Items", "{99AD34D1-D0D7-4478-A379-6C912D9B4159}"
	ProjectSection(SolutionItems) = preProject
		..\README.md = ..\README.md
	EndProjectSection
EndProject
Project("{9A19103F-16F7-4668-BE54-9A1E7A4F7556}") = "DalFacade", "DalFacade\DalFacade.csproj", "{AB1DC6FE-84DF-46F3-ADF5-42644B7C13EE}"
EndProject
Project("{9A19103F-16F7-4668-BE54-9A1E7A4F7556}") = "DalList", "DalList\DalList.csproj", "{871C4706-7D2F-4F17-B763-16CDBC49A23E}"
EndProject
Project("{9A19103F-16F7-4668-BE54-9A1E7A4F7556}") = "DalTest", "DalTest\DalTest.csproj", "{8F944C8D-F252-496B-AEDB-DE6B22492777}"
EndProject
Project("{9A19103F-16F7-4668-BE54-9A1E7A4F7556}") = "DalXml", "DalXml\DalXml.csproj", "{45CB122F-1053-48AB-8811-CC8525B345A2}"
EndProject
Project("{2150E333-8FDC-42A3-9474-1A3956D46DE8}") = "xml", "xml", "{39507B10-7BEA-4C2E-B8FA-67DD1D782AB2}"
	ProjectSection(SolutionItems) = preProject
		..\xml\data-config.xml = ..\xml\data-config.xml
		..\xml\dependencies.xml = ..\xml\dependencies.xml
		engineers.xml = engineers.xml
		..\xml\tasks.xml = ..\xml\tasks.xml
	EndProjectSection
EndProject
Global
	GlobalSection(SolutionConfigurationPlatforms) = preSolution
		Debug|Any CPU = Debug|Any CPU
		Release|Any CPU = Release|Any CPU
	EndGlobalSection
	GlobalSection(ProjectConfigurationPlatforms) = postSolution
		{2DB5001A-8EB8-4BD4-BD5B-922792C586C3}.Debug|Any CPU.ActiveCfg = Debug|Any CPU
		{2DB5001A-8EB8-4BD4-BD5B-922792C586C3}.Debug|Any CPU.Build.0 = Debug|Any CPU
		{2DB5001A-8EB8-4BD4-BD5B-922792C586C3}.Release|Any CPU.ActiveCfg = Release|Any CPU
		{2DB5001A-8EB8-4BD4-BD5B-922792C586C3}.Release|Any CPU.Build.0 = Release|Any CPU
		{AB1DC6FE-84DF-46F3-ADF5-42644B7C13EE}.Debug|Any CPU.ActiveCfg = Debug|Any CPU
		{AB1DC6FE-84DF-46F3-ADF5-42644B7C13EE}.Debug|Any CPU.Build.0 = Debug|Any CPU
		{AB1DC6FE-84DF-46F3-ADF5-42644B7C13EE}.Release|Any CPU.ActiveCfg = Release|Any CPU
		{AB1DC6FE-84DF-46F3-ADF5-42644B7C13EE}.Release|Any CPU.Build.0 = Release|Any CPU
		{871C4706-7D2F-4F17-B763-16CDBC49A23E}.Debug|Any CPU.ActiveCfg = Debug|Any CPU
		{871C4706-7D2F-4F17-B763-16CDBC49A23E}.Debug|Any CPU.Build.0 = Debug|Any CPU
		{871C4706-7D2F-4F17-B763-16CDBC49A23E}.Release|Any CPU.ActiveCfg = Release|Any CPU
		{871C4706-7D2F-4F17-B763-16CDBC49A23E}.Release|Any CPU.Build.0 = Release|Any CPU
		{8F944C8D-F252-496B-AEDB-DE6B22492777}.Debug|Any CPU.ActiveCfg = Debug|Any CPU
		{8F944C8D-F252-496B-AEDB-DE6B22492777}.Debug|Any CPU.Build.0 = Debug|Any CPU
		{8F944C8D-F252-496B-AEDB-DE6B22492777}.Release|Any CPU.ActiveCfg = Release|Any CPU
		{8F944C8D-F252-496B-AEDB-DE6B22492777}.Release|Any CPU.Build.0 = Release|Any CPU
		{45CB122F-1053-48AB-8811-CC8525B345A2}.Debug|Any CPU.ActiveCfg = Debug|Any CPU
		{45CB122F-1053-48AB-8811-CC8525B345A2}.Debug|Any CPU.Build.0 = Debug|Any CPU
		{45CB122F-1053-48AB-8811-CC8525B345A2}.Release|Any CPU.ActiveCfg = Release|Any CPU
		{45CB122F-1053-48AB-8811-CC8525B345A2}.Release|Any CPU.Build.0 = Release|Any CPU
	EndGlobalSection
	GlobalSection(SolutionProperties) = preSolution
		HideSolutionNode = FALSE
	EndGlobalSection
	GlobalSection(NestedProjects) = preSolution
		{2DB5001A-8EB8-4BD4-BD5B-922792C586C3} = {99AD34D1-D0D7-4478-A379-6C912D9B4159}
		{AB1DC6FE-84DF-46F3-ADF5-42644B7C13EE} = {99AD34D1-D0D7-4478-A379-6C912D9B4159}
		{871C4706-7D2F-4F17-B763-16CDBC49A23E} = {99AD34D1-D0D7-4478-A379-6C912D9B4159}
		{8F944C8D-F252-496B-AEDB-DE6B22492777} = {99AD34D1-D0D7-4478-A379-6C912D9B4159}
		{45CB122F-1053-48AB-8811-CC8525B345A2} = {99AD34D1-D0D7-4478-A379-6C912D9B4159}
		{39507B10-7BEA-4C2E-B8FA-67DD1D782AB2} = {99AD34D1-D0D7-4478-A379-6C912D9B4159}
	EndGlobalSection
	GlobalSection(ExtensibilityGlobals) = postSolution
		SolutionGuid = {507FBBC0-5BFC-45B8-9FCA-5222B1F4FE62}
	EndGlobalSection
EndGlobal
